cloud.google.com/go v0.34.0 h1:eOI3/cP2VTU6uZLDYAoic+eyzzB9YyGmJ7eIjl8rOPg=
cloud.google.com/go v0.34.0/go.mod h1:aQUYkXzVsufM+DwF1aE+0xfcU+56JwCaLick0ClmMTw=
github.com/BurntSushi/toml v0.1.1-0.20150501104042-056c9bc7be71 h1:KAQc1CTRbk1f17TCGJgSL5kOTzbT7luTSdD+O8FLUNg=
github.com/BurntSushi/toml v0.1.1-0.20150501104042-056c9bc7be71/go.mod h1:xHWCNGjB5oqiDr8zfno3MHue2Ht5sIBksp03qcyfWMU=
github.com/Sirupsen/logrus v0.8.8-0.20160119000032-f7f79f729e0f h1:9ZanmNLF/BV98J6omNjyJyWLacmhzCspi11cFG0tAhk=
github.com/Sirupsen/logrus v0.8.8-0.20160119000032-f7f79f729e0f/go.mod h1:rmk17hk6i8ZSAJkSDa7nOxamrG+SP4P0mm+DAvExv4U=
github.com/armon/go-radix v0.0.0-20150602225704-fbd82e84e2b1 h1:Iyt/qwqMr947/sJaxsQym+dyDABk3WmQlVxPPc1v5GM=
github.com/armon/go-radix v0.0.0-20150602225704-fbd82e84e2b1/go.mod h1:ufUuZ+zHj4x4TnLV4JWEpy2hxWSpsRywHrMgIH9cCH8=
github.com/cenkalti/hub v1.0.1-0.20140529221144-7be60e186e66 h1:mqwgWF7yBJ/zOFlWZk84IRFG/FhMG0f7aZWvcTx/JHA=
github.com/cenkalti/hub v1.0.1-0.20140529221144-7be60e186e66/go.mod h1:tcYwtS3a2d9NO/0xDXVJWx3IedurUjYCqFCmpi0lpHs=
github.com/cenkalti/rpc2 v0.0.0-20140912135055-44d0d95e4f52 h1:LnaEnQZECBs+zizOdhjYpYAfshAmeQa3556LlhONGUs=
github.com/cenkalti/rpc2 v0.0.0-20140912135055-44d0d95e4f52/go.mod h1:v2npkhrXyk5BCnkNIiPdRI23Uq6uWPUQGL2hnRcRr/M=
github.com/contiv/libOpenflow v0.0.0-20200107061746-e3817550c83b h1:qzkU/ohq0um0VazjyzhwIQVr3e+pySXxaELlXVIcGbo=
github.com/contiv/libOpenflow v0.0.0-20200107061746-e3817550c83b/go.mod h1:DtsPlJOByJZ+MO9YITEGUlbJ/jfh/ef0qeNyBYaeNR4=
github.com/contiv/libovsdb v0.0.0-20170227191248-d0061a53e358 h1:AiA9SKyNXulsU7aAnyka3UFHYOIH00A9HvdIRnDXlg0=
github.com/contiv/libovsdb v0.0.0-20170227191248-d0061a53e358/go.mod h1:+qKEHaNVPj+wrn5st7TEFH9wcUWCJq5ZBvVKPQwzAeg=
github.com/davecgh/go-spew v1.1.0 h1:ZDRjVQ15GmhC3fiQ8ni8+OwkZQO4DARzQgrnXU1Liz8=
github.com/davecgh/go-spew v1.1.0/go.mod h1:J7Y8YcW2NihsgmVo/mv3lAwl/skON4iLHjSsI+c5H38=
github.com/eapache/channels v1.1.0 h1:F1taHcn7/F0i8DYqKXJnyhJcVpp2kgFcNePxXtnyu4k=
github.com/eapache/channels v1.1.0/go.mod h1:jMm2qB5Ubtg9zLd+inMZd2/NUvXgzmWXsDaLyQIGfH0=
github.com/eapache/queue v1.1.0 h1:YOEu7KNc61ntiQlcEeUIoDTJ2o8mQznoNvUhiigpIqc=
github.com/eapache/queue v1.1.0/go.mod h1:6eCeP0CKFpHLu8blIFXhExK/dRa7WDZfr6jVFPTqq+I=
github.com/fsnotify/fsnotify v1.3.1 h1:Ls7eCFzutKKUlbY8E5wXfcRWGH4qLQxkDoydIPh94X4=
github.com/fsnotify/fsnotify v1.3.1/go.mod h1:jwhsz4b93w/PPRr/qN1Yymfu8t87LnFCMoQvtojpjFo=
github.com/golang/protobuf v1.2.0 h1:P3YflyNX/ehuJFLhxviNdFxQPkGK5cDcApsge1SqnvM=
github.com/golang/protobuf v1.2.0/go.mod h1:6lQm79b+lXiMfvg/cZm0SGofjICqVBUtrP5yJMmIC1U=
github.com/google/gopacket v1.1.11-0.20150903151740-7abd91e1d374 h1:g+f7GRqJ5KWW/S+TVQnNNr/y0TYGuvQ7dijv45/V/h4=
github.com/google/gopacket v1.1.11-0.20150903151740-7abd91e1d374/go.mod h1:UCLx9mCmAwsVbn6qQl1WIEt2SO7Nd2fD0th1TBAsqBw=
github.com/hashicorp/hcl v0.0.0-20160119202737-578dd9746824 h1:HVcjV7by+C4mSaxWw8MJO9Ig1pA1OUqwGtE+N901118=
github.com/hashicorp/hcl v0.0.0-20160119202737-578dd9746824/go.mod h1:oZtUIOe8dh44I2q6ScRibXws4Ajl+d+nod3AaR9vL5w=
github.com/influxdata/influxdb v1.0.0-beta3.0.20160809145819-3c124036f0ae h1:Fg+1EoLVgFnLweFOwSXJunPUrDMnx76JDmtpSx4+9YI=
github.com/influxdata/influxdb v1.0.0-beta3.0.20160809145819-3c124036f0ae/go.mod h1:qZna6X/4elxqT3yI9iZYdZrWWdeFOOprn86kgg4+IzY=
github.com/jainvipin/bitset v1.0.1-0.20150123060543-1f0c6de81a62 h1:53QTS1B5TrN/fq4pDOs71CS78yYORfZf5SoVVy5afH4=
github.com/jainvipin/bitset v1.0.1-0.20150123060543-1f0c6de81a62/go.mod h1:9MNftXEI22kXpuEtRsDzpbfYv/H1uyNWRJWXkICBV6E=
github.com/kr/fs v0.0.0-20131111012553-2788f0dbd169 h1:YUrU1/jxRqnt0PSrKj1Uj/wEjk/fjnE80QFfi2Zlj7Q=
github.com/kr/fs v0.0.0-20131111012553-2788f0dbd169/go.mod h1:glhvuHOU9Hy7/8PwwdtnarXqLagOX0b/TbZx2zLMqEg=
github.com/kr/pretty v0.2.0 h1:s5hAObm+yFO5uHYt5dYjxi2rXrsnmRpJx4OYvIWUaQs=
github.com/kr/pretty v0.2.0/go.mod h1:ipq/a2n7PKx3OHsz4KJII5eveXtPO4qwEXGdVfWzfnI=
github.com/kr/pty v1.1.1/go.mod h1:pFQYn66WHrOpPYNljwOMqo10TkYh1fy3cYio2l3bCsQ=
github.com/kr/text v0.1.0 h1:45sCR5RtlFHMR4UwH9sdQ5TC8v0qDQCHnXt+kaKSTVE=
github.com/kr/text v0.1.0/go.mod h1:4Jbv+DJW3UT/LiOwJeYQe1efqtUx/iVham/4vfdArNI=
github.com/magiconair/properties v1.6.1-0.20151221213149-c81f9d71af8f h1:i0qIYnnNb+u80O3KUCNlVOFezoKlKg1J96/XzTILLnI=
github.com/magiconair/properties v1.6.1-0.20151221213149-c81f9d71af8f/go.mod h1:PppfXfuXeibc/6YijjN8zIbojt8czPbwD3XqdrwzmxQ=
github.com/mitchellh/mapstructure v0.0.0-20150717051158-281073eb9eb0 h1:6VeKv8nNMVKA6qmZLYnPTx0tJ//NbDj1SbubWIikJ9k=
github.com/mitchellh/mapstructure v0.0.0-20150717051158-281073eb9eb0/go.mod h1:FVVH3fgwuzCH5S8UJGiWEs2h04kUh9fWfEaFds41c1Y=
github.com/osrg/gobgp v0.0.0-20160901022930-c58019018fe0 h1:FYhn/oqzHvTtEpj/b0uv07SoVDpw7/eePqw4S5H/BgQ=
github.com/osrg/gobgp v0.0.0-20160901022930-c58019018fe0/go.mod h1:vGVJPLW6JFDD7WA1vJsjB8OKmbbC2TKwHtr90CZS/u4=
github.com/pkg/errors v0.7.1-0.20160808055540-a22138067af1 h1:VKwwwPzRs1kuf0sQ55ye3ZV3dybDkw4JfI1Ad1eT73o=
github.com/pkg/errors v0.7.1-0.20160808055540-a22138067af1/go.mod h1:bwawxfHBFNV+L2hUp1rHADufV3IMtnDRdf1r5NINEl0=
github.com/pkg/sftp v0.0.0-20160721231453-a71e8f580e3b h1:p3ZQ3KfXTfqvTIW9govuviqoZo45Iw5ALEKIG1m96Uo=
github.com/pkg/sftp v0.0.0-20160721231453-a71e8f580e3b/go.mod h1:NxmoDg/QLVWluQDUYG7XBZTLUpKeFa8e3aMf1BfjyHk=
github.com/pmezard/go-difflib v1.0.0 h1:4DBwDE0NGyQoBHbLQYPwSUPoCMWR5BEzIk/f1lZbAQM=
github.com/pmezard/go-difflib v1.0.0/go.mod h1:iKH77koFhYxTK1pcRnkKkqfTogsbg7gZNVY4sRDYZ/4=
github.com/satori/go.uuid v0.0.0-20151028231719-d41af8bb6a77 h1:X4eLA68fCmv+kFpUBFXIhv5wD5IFVB+oWUxjmpyl02c=
github.com/satori/go.uuid v0.0.0-20151028231719-d41af8bb6a77/go.mod h1:dA0hQrYB0VpLJoorglMZABFdXlWrHn1NEOzdhQKdks0=
github.com/spf13/afero v0.0.0-20160718214748-cc9c21814bb9 h1:ogzQ3VRCAXbrMGyYu41S+mIyGWOSOCV8JNbDgP6/3Yg=
github.com/spf13/afero v0.0.0-20160718214748-cc9c21814bb9/go.mod h1:j4pytiNVoe2o6bmDsKpLACNPDBIoEAkihy7loJ1B0CQ=
github.com/spf13/cast v0.0.0-20160730092037-e31f36ffc91a h1:tPI5RnYZJhcXj0LhJ9pi7PS7gqOhuFR+4HEKyDz3BnQ=
github.com/spf13/cast v0.0.0-20160730092037-e31f36ffc91a/go.mod h1:r2rcYCSwa1IExKTDiTfzaxqT2FNHs8hODu4LnUfgKEg=
github.com/spf13/jwalterweatherman v0.0.0-20160311093646-33c24e77fb80 h1:evyGXhHMrxKBDkdlSPv9HMWV2o53o+Ibhm28BGc0450=
github.com/spf13/jwalterweatherman v0.0.0-20160311093646-33c24e77fb80/go.mod h1:cQK4TGJAtQXfYWX+Ddv3mKDzgVb68N+wFjFa4jdeBTo=
github.com/spf13/pflag v0.0.0-20160804141350-f676131e2660 h1:ZSVgwkLhXBp+u6GM9dy/bIf4Vs4GtvR8zJNm/HvzgA8=
github.com/spf13/pflag v0.0.0-20160804141350-f676131e2660/go.mod h1:DYY7MBk1bdzusC3SYhjObp+wFpr4gzcvqqNjLnInEg4=
github.com/spf13/viper v0.0.0-20160806160649-346299ea79e4 h1:/JgIpRtJ1NuWtM9BcTPWDvuRuazXJSBY8VMLDJhQN/s=
github.com/spf13/viper v0.0.0-20160806160649-346299ea79e4/go.mod h1:A8kyI5cUJhb8N+3pkfONlcEcZbueH6nhAm0Fq7SrnBM=
github.com/streamrail/concurrent-map v0.0.0-20160803124810-238fe79560e1 h1:KVUFZKtQ7OlCM1WWxRxYg5uNPJWZ9LpQuLpbftYWo8E=
github.com/streamrail/concurrent-map v0.0.0-20160803124810-238fe79560e1/go.mod h1:yqDD2twFAqxvvH5gtpwwgLsj5L1kbNwtoPoDOwBzXcs=
github.com/stretchr/objx v0.1.0/go.mod h1:HFkY916IF+rwdDfMAkV7OtwuqBVzrE8GR6GFx+wExME=
github.com/stretchr/testify v1.4.0 h1:2E4SXV/wtOkTonXsotYi4li6zVWxYlZuYNCXe9XRJyk=
github.com/stretchr/testify v1.4.0/go.mod h1:j7eGeouHqKxXV5pUuKE4zz7dFj8WfuZ+81PSLYec5m4=
github.com/vishvananda/netlink v0.0.0-20170220200719-fe3b5664d23a h1:fLfXW2a8XEPPiZe2s99Smaa1v3TmcN9d/COofb13o2A=
github.com/vishvananda/netlink v0.0.0-20170220200719-fe3b5664d23a/go.mod h1:+SR5DhBJrl6ZM7CoCKvpw5BKroDKQ+PJqOg65H/2ktk=
github.com/vishvananda/netns v0.0.0-20170219233438-54f0e4339ce7 h1:n630V+sEHbl2OrlWFxLoMoGPnUuniQ9eDvUaEmUdXaY=
github.com/vishvananda/netns v0.0.0-20170219233438-54f0e4339ce7/go.mod h1:ZjcWmFBXmLKZu9Nxj3WKYEafiSqer2rnvPr0en9UNpI=
golang.org/x/crypto v0.0.0-20150627220305-cc04154d65fb h1:ZV23lOjiZQutFdROZ3zUjhN52NIB82WbfEoVw/+KkA8=
golang.org/x/crypto v0.0.0-20150627220305-cc04154d65fb/go.mod h1:6SG95UA2DQfeDnfUPMdvaQW0Q7yPrPDi9nlGo2tz2b4=
golang.org/x/net v0.0.0-20180724234803-3673e40ba225/go.mod h1:mL1N/T3taQHkDXs73rZJwtUhF3w3ftmwwsq0BUmARs4=
golang.org/x/net v0.0.0-20190108225652-1e06a53dbb7e h1:bRhVy7zSSasaqNksaRZiA5EEI+Ei4I1nO5Jh72wfHlg=
golang.org/x/net v0.0.0-20190108225652-1e06a53dbb7e/go.mod h1:mL1N/T3taQHkDXs73rZJwtUhF3w3ftmwwsq0BUmARs4=
golang.org/x/oauth2 v0.0.0-20200107190931-bf48bf16ab8d h1:TzXSXBo42m9gQenoE3b9BGiEpg5IG2JkU5FkPIawgtw=
golang.org/x/oauth2 v0.0.0-20200107190931-bf48bf16ab8d/go.mod h1:gOpvHmFTYa4IltrdGE7lF6nIHvwfUNPOp7c8zoXwtLw=
golang.org/x/sync v0.0.0-20181221193216-37e7f081c4d4 h1:YUO/7uOKsKeq9UokNS62b8FYywz3ker1l1vDZRCRefw=
golang.org/x/sync v0.0.0-20181221193216-37e7f081c4d4/go.mod h1:RxMgew5VJxzue5/jJTE5uejpjVlOe/izrB70Jof72aM=
golang.org/x/sys v0.0.0-20150925170307-342d6a85aa15 h1:vHbzcWRT57pkrfdBUDxQlalFdqRRjyi7zz2DYFfB9Dg=
golang.org/x/sys v0.0.0-20150925170307-342d6a85aa15/go.mod h1:STP8DvDyc/dI5b8T5hshtkjS+E42TnysNCUPdjciGhY=
golang.org/x/text v0.3.0 h1:g61tztE5qeGQ89tm6NTjjM9VPIm088od1l6aSorWRWg=
golang.org/x/text v0.3.0/go.mod h1:NqM8EUOU14njkJ3fqMW+pc6Ldnwhi/IjpwHt7yyuwOQ=
google.golang.org/appengine v1.4.0 h1:/wp5JvzpHIxhs/dumFmF7BXTf3Z+dd4uXta4kVyO508=
google.golang.org/appengine v1.4.0/go.mod h1:xpcJRLb0r/rnEns0DIKYYv+WjYCduHsrkT7/EB5XEv4=
google.golang.org/grpc v1.0.1-0.20160810184455-edc5ccf8cbfd h1:7HiRu+BVcdxOsSFsEMl67gOyL6Pg7DOGSmhiU2/cjVA=
google.golang.org/grpc v1.0.1-0.20160810184455-edc5ccf8cbfd/go.mod h1:yo6s7OP7yaDglbqo1J04qKzAhqBH6lvTonzMVmEdcZw=
gopkg.in/check.v1 v0.0.0-20161208181325-20d25e280405/go.mod h1:Co6ibVJAznAaIkqp8huTwlJQCZ016jof/cbN4VW5Yz0=
gopkg.in/check.v1 v1.0.0-20190902080502-41f04d3bba15 h1:YR8cESwS4TdDjEe65xsg0ogRM/Nc3DYOhEAlW+xobZo=
gopkg.in/check.v1 v1.0.0-20190902080502-41f04d3bba15/go.mod h1:Co6ibVJAznAaIkqp8huTwlJQCZ016jof/cbN4VW5Yz0=
gopkg.in/tomb.v2 v2.0.0-20140626144623-14b3d72120e8 h1:EQ3aCG3c3nkUNxx6quE0Ux47RYExj7cJyRMxUXqPf6I=
gopkg.in/tomb.v2 v2.0.0-20140626144623-14b3d72120e8/go.mod h1:BHsqpu/nsuzkT5BpiH1EMZPLyqSMM8JbIavyFACoFNk=
gopkg.in/yaml.v2 v2.2.2 h1:ZCJp+EgiOT7lHqUV2J862kp8Qj64Jo6az82+3Td9dZw=
gopkg.in/yaml.v2 v2.2.2/go.mod h1:hI93XBmqTisBFMUTm0b8Fm+jr3Dg1NNxqwp+5A1VGuI=
